
Microsoft Visual Studio Solution File, Format Version 12.00
# Visual Studio Version 17
VisualStudioVersion = 17.4.33403.182
MinimumVisualStudioVersion = 10.0.40219.1
Project("{FAE04EC0-301F-11D3-BF4B-00C04F79EFBC}") = "CourseProject", "CourseProject\CourseProject.csproj", "{68B081C2-9585-420E-ABDF-2825F960B812}"
EndProject
Global
	GlobalSection(SolutionConfigurationPlatforms) = preSolution
		Debug|Any CPU = Debug|Any CPU
		Release|Any CPU = Release|Any CPU
	EndGlobalSection
	GlobalSection(ProjectConfigurationPlatforms) = postSolution
		{68B081C2-9585-420E-ABDF-2825F960B812}.Debug|Any CPU.ActiveCfg = Debug|Any CPU
		{68B081C2-9585-420E-ABDF-2825F960B812}.Debug|Any CPU.Build.0 = Debug|Any CPU
		{68B081C2-9585-420E-ABDF-2825F960B812}.Release|Any CPU.ActiveCfg = Release|Any CPU
		{68B081C2-9585-420E-ABDF-2825F960B812}.Release|Any CPU.Build.0 = Release|Any CPU
	EndGlobalSection
	GlobalSection(SolutionProperties) = preSolution
		HideSolutionNode = FALSE
	EndGlobalSection
	GlobalSection(ExtensibilityGlobals) = postSolution
		SolutionGuid = {22BDD0D8-338C-4D61-ADAB-DFCB01F4B65B}
	EndGlobalSection
EndGlobal
